
Microsoft Visual Studio Solution File, Format Version 12.00
# Visual Studio Version 16
VisualStudioVersion = 16.0.29209.62
MinimumVisualStudioVersion = 10.0.40219.1
Project("{2150E333-8FDC-42A3-9474-1A3956D46DE8}") = "Dependencies", "Dependencies", "{B731DFF7-A7B2-4F18-831B-D04250650B2F}"
EndProject
Project("{2150E333-8FDC-42A3-9474-1A3956D46DE8}") = "Test Suites", "Test Suites", "{D73944EA-C027-4B9A-B26C-CF8857527539}"
EndProject
Project("{8BC9CEB8-8B4A-11D0-8D11-00A0C91BC942}") = "DUE_screen_test", "Arduino\#TestSuites\DUE_screen_test\DUE_screen_test.vcxproj", "{6D4787D1-DF84-488E-9DCE-5608BC9B2777}"
EndProject
Project("{8BC9CEB8-8B4A-11D0-8D11-00A0C91BC942}") = "CAN_send", "..\libraries\MCP_CAN_lib\examples\CAN_send\CAN_send.vcxproj", "{655F68FF-1C08-4FD7-953A-415DD29271D5}"
EndProject
Project("{8BC9CEB8-8B4A-11D0-8D11-00A0C91BC942}") = "CAN_receive", "..\libraries\MCP_CAN_lib\examples\CAN_receive\CAN_receive.vcxproj", "{33A793D8-0A11-470D-9498-8523521D1EAC}"
EndProject
Project("{8BC9CEB8-8B4A-11D0-8D11-00A0C91BC942}") = "NV11_CANtoSerial_UNO", "Arduino\NV11_CANtoSerial_UNO\NV11_CANtoSerial_UNO.vcxproj", "{E3AF1D76-18E9-4F28-86FC-56CDF2EBCDC0}"
EndProject
Project("{888888A0-9F3D-457C-B088-3A5042F75D52}") = "NV11DashboardGUI", "RPi\NV11DashboardGUI\NV11DashboardGUI.pyproj", "{F68B5D83-1F4D-44FB-A777-E730122266A9}"
EndProject
Project("{8BC9CEB8-8B4A-11D0-8D11-00A0C91BC942}") = "MotorDiagnostics", "Arduino\#TestSuites\MotorDiagnostics\MotorDiagnostics.vcxproj", "{9A237D3E-070C-4D33-A444-0B1CDA33FE67}"
EndProject
Project("{8BC9CEB8-8B4A-11D0-8D11-00A0C91BC942}") = "EncoderRaw", "Arduino\#TestSuites\EncoderRaw\EncoderRaw.vcxproj", "{B0CED645-05F7-4BEF-BE19-56E2428E5B31}"
EndProject
Project("{8BC9CEB8-8B4A-11D0-8D11-00A0C91BC942}") = "RosserialDuplex", "Arduino\#TestSuites\RosserialDuplex\RosserialDuplex.vcxproj", "{BCF13F6F-F4CD-4814-919C-A18FB52E7C57}"
EndProject
Project("{8BC9CEB8-8B4A-11D0-8D11-00A0C91BC942}") = "ASCIITable", "..\..\ide\examples\04.Communication\ASCIITable\ASCIITable.vcxproj", "{7CD0AE21-3820-41E4-90FC-4E1A52D0C031}"
EndProject
Project("{8BC9CEB8-8B4A-11D0-8D11-00A0C91BC942}") = "NV11_wiper_UNO", "Arduino\NV11_wiper_UNO\NV11_wiper_UNO.vcxproj", "{1FA8D223-0A81-4C64-AB42-E7099ED04B0A}"
EndProject
Project("{8BC9CEB8-8B4A-11D0-8D11-00A0C91BC942}") = "RelayModule", "Arduino\libraries\RelayModule\RelayModule.vcxitems", "{A57A3D44-D0D0-4D27-AAC1-BA3F7124ECC6}"
EndProject
Project("{8BC9CEB8-8B4A-11D0-8D11-00A0C91BC942}") = "Speedometer", "Arduino\libraries\Speedometer\Speedometer.vcxitems", "{CDDCD64E-35B1-4C6B-B6FE-187D977DCCC4}"
EndProject
Project("{8BC9CEB8-8B4A-11D0-8D11-00A0C91BC942}") = "CANSerializerV2_sender", "Arduino\#TestSuites\CANSerializerV2_sender\CANSerializerV2_sender.vcxproj", "{3F8B2017-8E31-43FB-BC4C-A95680CA7683}"
EndProject
Project("{8BC9CEB8-8B4A-11D0-8D11-00A0C91BC942}") = "CANSerializerV2_receiver", "Arduino\#TestSuites\CANSerializerV2_receiver\CANSerializerV2_receiver.vcxproj", "{3E3DAF3B-9BCE-4BA7-AAC5-B5BE3B96B653}"
EndProject
Project("{8BC9CEB8-8B4A-11D0-8D11-00A0C91BC942}") = "ADCShuntTest", "Arduino\#TestSuites\ADCShuntTest\ADCShuntTest.vcxproj", "{C9BC5C57-E50B-4D50-8C9E-A679C4D22EF5}"
EndProject
Project("{8BC9CEB8-8B4A-11D0-8D11-00A0C91BC942}") = "Dboard_Button_Test", "Arduino\#TestSuites\Dboard_Button_Test\Dboard_Button_Test.vcxproj", "{DA5BEF9F-4909-4F69-AAB7-C8DDB0C23E6A}"
EndProject
Project("{8BC9CEB8-8B4A-11D0-8D11-00A0C91BC942}") = "NV11_steeringwheel_UNO", "Arduino\NV11_steeringwheel_UNO\NV11_steeringwheel_UNO.vcxproj", "{C5F80730-F44F-4478-BDAE-6634EFC2CA88}"
EndProject
Project("{8BC9CEB8-8B4A-11D0-8D11-00A0C91BC942}") = "NV10_CANtoSerial_UNO", "Arduino\NV10_CANtoSerial_UNO\NV10_CANtoSerial_UNO.vcxproj", "{8DE7800C-8E97-4255-83B6-1E1013D39ECF}"
EndProject
Project("{8BC9CEB8-8B4A-11D0-8D11-00A0C91BC942}") = "Adafruit_ADS1X15-1.0.0", "..\..\Users\laksh\Documents\Arduino\libraries\Adafruit_ADS1X15\Adafruit_ADS1X15-1.0.0.vcxitems", "{924B5AC3-01EB-4EA4-81C9-85522F727691}"
EndProject
Project("{8BC9CEB8-8B4A-11D0-8D11-00A0C91BC942}") = "Adafruit_NeoPixel-1.1.3", "..\..\Users\laksh\Documents\Arduino\libraries\Adafruit_NeoPixel\Adafruit_NeoPixel-1.1.3.vcxitems", "{B00BCBBB-E6E5-4EAC-B2B9-4BC69C9221D6}"
EndProject
Project("{8BC9CEB8-8B4A-11D0-8D11-00A0C91BC942}") = "FreeRTOS-10.0.0-1", "..\..\Users\laksh\Documents\Arduino\libraries\FreeRTOS\FreeRTOS-10.0.0-1.vcxitems", "{E104D7C3-053B-4A4C-8B07-16BE5B1B6007}"
EndProject
Project("{8BC9CEB8-8B4A-11D0-8D11-00A0C91BC942}") = "ILI9488", "..\..\Users\laksh\Documents\Arduino\libraries\ILI9488\ILI9488-1.0.2.vcxitems", "{5D22F0AF-F54B-447B-916A-EBCFFD39159E}"
EndProject
Project("{8BC9CEB8-8B4A-11D0-8D11-00A0C91BC942}") = "MemoryFree-0.0.0", "..\..\Users\laksh\Documents\Arduino\libraries\MemoryFree\MemoryFree-0.0.0.vcxitems", "{FBB1F15B-BFA4-4FA4-AD19-32754FF5F57E}"
EndProject
Project("{8BC9CEB8-8B4A-11D0-8D11-00A0C91BC942}") = "Adafruit_GFX_Library-1.2.3", "..\..\Users\laksh\Documents\Arduino\libraries\Adafruit_GFX_Library\Adafruit_GFX_Library-1.2.3.vcxitems", "{AA3D9F04-F65A-44B8-88AD-BE73AB59570F}"
EndProject
Project("{8BC9CEB8-8B4A-11D0-8D11-00A0C91BC942}") = "MCP_CAN_lib-0.0.0", "..\..\Users\laksh\Documents\Arduino\libraries\MCP_CAN_lib\MCP_CAN_lib-0.0.0.vcxitems", "{4A33670D-D01C-43DA-9D00-C0DD330DE92E}"
EndProject
Project("{8BC9CEB8-8B4A-11D0-8D11-00A0C91BC942}") = "Rosserial_Arduino_Library-0.7.9", "..\..\Users\laksh\Documents\Arduino\libraries\Rosserial_Arduino_Library\Rosserial_Arduino_Library-0.7.9.vcxitems", "{413B1256-CF59-4848-9488-94E77F70C4CB}"
EndProject
Project("{8BC9CEB8-8B4A-11D0-8D11-00A0C91BC942}") = "SdFat", "..\..\Users\laksh\Documents\Arduino\libraries\SdFat\SdFat-1.0.16.vcxitems", "{5C152C9F-9ADE-46A4-81BB-65A5DC54AC67}"
EndProject
Project("{8BC9CEB8-8B4A-11D0-8D11-00A0C91BC942}") = "RelayModule-1.0.0", "..\..\Users\laksh\Documents\Arduino\libraries\RelayModule\RelayModule-1.0.0.vcxitems", "{CC779671-7CF0-4073-9DEC-F8C11CA19800}"
EndProject
Project("{8BC9CEB8-8B4A-11D0-8D11-00A0C91BC942}") = "FreeRTOS_AVR-2015.11.12", "..\..\Users\laksh\Documents\Arduino\libraries\FreeRTOS_AVR\FreeRTOS_AVR-2015.11.12.vcxitems", "{7429BA55-5A04-434E-A36C-9832292B40EA}"
EndProject
Project("{8BC9CEB8-8B4A-11D0-8D11-00A0C91BC942}") = "FreeRTOS_ARM-2015.11.12", "..\..\Users\laksh\Documents\Arduino\libraries\FreeRTOS_ARM\FreeRTOS_ARM-2015.11.12.vcxitems", "{10D895AA-B828-4BD4-B929-83CFEA359CC3}"
EndProject
Project("{8BC9CEB8-8B4A-11D0-8D11-00A0C91BC942}") = "CANSerializer-1.0.0", "..\..\Users\laksh\Documents\Arduino\libraries\CANSerializer\CANSerializer-1.0.0.vcxitems", "{0B06F79B-FECF-4D65-A493-1DD47D2957E2}"
EndProject
Project("{8BC9CEB8-8B4A-11D0-8D11-00A0C91BC942}") = "NV11_autonomous_MEGA", "NV11_autonomous_MEGA\NV11_autonomous_MEGA.vcxproj", "{0E4AD353-CC10-41B1-9E28-EBD12BA3700A}"
EndProject
Project("{8BC9CEB8-8B4A-11D0-8D11-00A0C91BC942}") = "NV10_back_MEGA", "Arduino\NV10_back_MEGA\NV10_back_MEGA.vcxproj", "{E66B72DA-3EA5-4B29-86C8-78440DC203D2}"
EndProject
Project("{8BC9CEB8-8B4A-11D0-8D11-00A0C91BC942}") = "NV10_dashboard_DUE", "Arduino\NV10_dashboard_DUE\NV10_dashboard_DUE.vcxproj", "{24E058C9-AA4B-4623-91CC-CC6EC9451CC4}"
EndProject
Project("{8BC9CEB8-8B4A-11D0-8D11-00A0C91BC942}") = "NV10_ElectroClutchSync", "Arduino\NV10_ElectroClutchSync\NV10_ElectroClutchSync.vcxproj", "{3682802F-ABFF-4EA3-81BE-61E9D385F257}"
EndProject
Project("{8BC9CEB8-8B4A-11D0-8D11-00A0C91BC942}") = "NV10_front_MEGA", "Arduino\NV10_front_MEGA\NV10_front_MEGA.vcxproj", "{D35EF34B-7B08-4D80-B7F5-1DDBAD9D7C92}"
EndProject
Project("{8BC9CEB8-8B4A-11D0-8D11-00A0C91BC942}") = "NV11_accessories_MEGA", "Arduino\NV11_accessories_MEGA\NV11_accessories_MEGA.vcxproj", "{92415306-7DF9-4D7D-9354-AE816887E67E}"
EndProject
Project("{8BC9CEB8-8B4A-11D0-8D11-00A0C91BC942}") = "NV11_speedo_UNO", "Arduino\NV11_speedo_UNO\NV11_speedo_UNO.vcxproj", "{74794599-4C1C-41DE-ADFC-2DD1604F4369}"
EndProject
Global
	GlobalSection(SharedMSBuildProjectFiles) = preSolution
		..\..\Users\laksh\Documents\Arduino\libraries\CANSerializer\CANSerializer-1.0.0.vcxitems*{0b06f79b-fecf-4d65-a493-1dd47d2957e2}*SharedItemsImports = 9
		..\..\Users\laksh\Documents\Arduino\libraries\Rosserial_Arduino_Library\Rosserial_Arduino_Library-0.7.9.vcxitems*{0e4ad353-cc10-41b1-9e28-ebd12ba3700a}*SharedItemsImports = 4
		..\..\Users\laksh\Documents\Arduino\libraries\FreeRTOS_ARM\FreeRTOS_ARM-2015.11.12.vcxitems*{10d895aa-b828-4bd4-b929-83cfea359cc3}*SharedItemsImports = 9
		..\libraries\MCP_CAN_lib\MCP_CAN_lib.vcxitems*{3e3daf3b-9bce-4ba7-aac5-b5be3b96b653}*SharedItemsImports = 4
		Arduino\libraries\CANSerializer\CANSerializer.vcxitems*{3e3daf3b-9bce-4ba7-aac5-b5be3b96b653}*SharedItemsImports = 4
		..\libraries\MCP_CAN_lib\MCP_CAN_lib.vcxitems*{3f8b2017-8e31-43fb-bc4c-a95680ca7683}*SharedItemsImports = 4
		Arduino\libraries\CANSerializer\CANSerializer.vcxitems*{3f8b2017-8e31-43fb-bc4c-a95680ca7683}*SharedItemsImports = 4
		..\..\Users\laksh\Documents\Arduino\libraries\Rosserial_Arduino_Library\Rosserial_Arduino_Library-0.7.9.vcxitems*{413b1256-cf59-4848-9488-94e77f70c4cb}*SharedItemsImports = 9
		..\..\Users\laksh\Documents\Arduino\libraries\MCP_CAN_lib\MCP_CAN_lib-0.0.0.vcxitems*{4a33670d-d01c-43da-9d00-c0dd330de92e}*SharedItemsImports = 9
		..\..\Users\laksh\Documents\Arduino\libraries\SdFat\SdFat-1.0.16.vcxitems*{5c152c9f-9ade-46a4-81bb-65a5dc54ac67}*SharedItemsImports = 9
		..\..\Users\laksh\Documents\Arduino\libraries\ILI9488\ILI9488-1.0.2.vcxitems*{5d22f0af-f54b-447b-916a-ebcffd39159e}*SharedItemsImports = 9
		..\..\Users\laksh\Documents\Arduino\libraries\FreeRTOS_AVR\FreeRTOS_AVR-2015.11.12.vcxitems*{7429ba55-5a04-434e-a36c-9832292b40ea}*SharedItemsImports = 9
		..\..\Users\laksh\Documents\Arduino\libraries\Adafruit_ADS1X15\Adafruit_ADS1X15-1.0.0.vcxitems*{924b5ac3-01eb-4ea4-81c9-85522f727691}*SharedItemsImports = 9
		Arduino\libraries\RelayModule\RelayModule.vcxitems*{a57a3d44-d0d0-4d27-aac1-ba3f7124ecc6}*SharedItemsImports = 9
		..\..\Users\laksh\Documents\Arduino\libraries\Adafruit_GFX_Library\Adafruit_GFX_Library-1.2.3.vcxitems*{aa3d9f04-f65a-44b8-88ad-be73ab59570f}*SharedItemsImports = 9
		..\..\Users\laksh\Documents\Arduino\libraries\Adafruit_NeoPixel\Adafruit_NeoPixel-1.1.3.vcxitems*{b00bcbbb-e6e5-4eac-b2b9-4bc69c9221d6}*SharedItemsImports = 9
		..\libraries\Adafruit_ADS1X15\Adafruit_ADS1X15.vcxitems*{c9bc5c57-e50b-4d50-8c9e-a679c4d22ef5}*SharedItemsImports = 4
		..\..\ide\hardware\arduino\avr\libraries\Wire\Wire.vcxitems*{c9bc5c57-e50b-4d50-8c9e-a679c4d22ef5}*SharedItemsImports = 4
		..\..\Users\laksh\Documents\Arduino\libraries\RelayModule\RelayModule-1.0.0.vcxitems*{cc779671-7cf0-4073-9dec-f8c11ca19800}*SharedItemsImports = 9
		Arduino\libraries\Speedometer\Speedometer.vcxitems*{cddcd64e-35b1-4c6b-b6fe-187d977dccc4}*SharedItemsImports = 9
		..\..\Users\laksh\Documents\Arduino\libraries\FreeRTOS\FreeRTOS-10.0.0-1.vcxitems*{e104d7c3-053b-4a4c-8b07-16be5b1b6007}*SharedItemsImports = 9
		..\..\Users\laksh\Documents\Arduino\libraries\MemoryFree\MemoryFree-0.0.0.vcxitems*{fbb1f15b-bfa4-4fa4-ad19-32754ff5f57e}*SharedItemsImports = 9
	EndGlobalSection
	GlobalSection(SolutionConfigurationPlatforms) = preSolution
		Debug|Any CPU = Debug|Any CPU
		Debug|x64 = Debug|x64
		Debug|x86 = Debug|x86
		Release|Any CPU = Release|Any CPU
		Release|x64 = Release|x64
		Release|x86 = Release|x86
	EndGlobalSection
	GlobalSection(ProjectConfigurationPlatforms) = postSolution
		{6D4787D1-DF84-488E-9DCE-5608BC9B2777}.Debug|Any CPU.ActiveCfg = Debug|Win32
		{6D4787D1-DF84-488E-9DCE-5608BC9B2777}.Debug|x64.ActiveCfg = Debug|Win32
		{6D4787D1-DF84-488E-9DCE-5608BC9B2777}.Debug|x86.ActiveCfg = Debug|Win32
		{6D4787D1-DF84-488E-9DCE-5608BC9B2777}.Debug|x86.Build.0 = Debug|Win32
		{6D4787D1-DF84-488E-9DCE-5608BC9B2777}.Release|Any CPU.ActiveCfg = Release|Win32
		{6D4787D1-DF84-488E-9DCE-5608BC9B2777}.Release|x64.ActiveCfg = Release|Win32
		{6D4787D1-DF84-488E-9DCE-5608BC9B2777}.Release|x86.ActiveCfg = Release|Win32
		{6D4787D1-DF84-488E-9DCE-5608BC9B2777}.Release|x86.Build.0 = Release|Win32
		{655F68FF-1C08-4FD7-953A-415DD29271D5}.Debug|Any CPU.ActiveCfg = Debug|Win32
		{655F68FF-1C08-4FD7-953A-415DD29271D5}.Debug|x64.ActiveCfg = Debug|Win32
		{655F68FF-1C08-4FD7-953A-415DD29271D5}.Debug|x86.ActiveCfg = Debug|Win32
		{655F68FF-1C08-4FD7-953A-415DD29271D5}.Debug|x86.Build.0 = Debug|Win32
		{655F68FF-1C08-4FD7-953A-415DD29271D5}.Release|Any CPU.ActiveCfg = Release|Win32
		{655F68FF-1C08-4FD7-953A-415DD29271D5}.Release|x64.ActiveCfg = Release|Win32
		{655F68FF-1C08-4FD7-953A-415DD29271D5}.Release|x86.ActiveCfg = Release|Win32
		{655F68FF-1C08-4FD7-953A-415DD29271D5}.Release|x86.Build.0 = Release|Win32
		{33A793D8-0A11-470D-9498-8523521D1EAC}.Debug|Any CPU.ActiveCfg = Debug|Win32
		{33A793D8-0A11-470D-9498-8523521D1EAC}.Debug|x64.ActiveCfg = Debug|Win32
		{33A793D8-0A11-470D-9498-8523521D1EAC}.Debug|x86.ActiveCfg = Debug|Win32
		{33A793D8-0A11-470D-9498-8523521D1EAC}.Debug|x86.Build.0 = Debug|Win32
		{33A793D8-0A11-470D-9498-8523521D1EAC}.Release|Any CPU.ActiveCfg = Release|Win32
		{33A793D8-0A11-470D-9498-8523521D1EAC}.Release|x64.ActiveCfg = Release|Win32
		{33A793D8-0A11-470D-9498-8523521D1EAC}.Release|x86.ActiveCfg = Release|Win32
		{33A793D8-0A11-470D-9498-8523521D1EAC}.Release|x86.Build.0 = Release|Win32
		{E3AF1D76-18E9-4F28-86FC-56CDF2EBCDC0}.Debug|Any CPU.ActiveCfg = Debug|Win32
		{E3AF1D76-18E9-4F28-86FC-56CDF2EBCDC0}.Debug|x64.ActiveCfg = Debug|Win32
		{E3AF1D76-18E9-4F28-86FC-56CDF2EBCDC0}.Debug|x86.ActiveCfg = Debug|Win32
		{E3AF1D76-18E9-4F28-86FC-56CDF2EBCDC0}.Debug|x86.Build.0 = Debug|Win32
		{E3AF1D76-18E9-4F28-86FC-56CDF2EBCDC0}.Release|Any CPU.ActiveCfg = Release|Win32
		{E3AF1D76-18E9-4F28-86FC-56CDF2EBCDC0}.Release|x64.ActiveCfg = Release|Win32
		{E3AF1D76-18E9-4F28-86FC-56CDF2EBCDC0}.Release|x86.ActiveCfg = Release|Win32
		{E3AF1D76-18E9-4F28-86FC-56CDF2EBCDC0}.Release|x86.Build.0 = Release|Win32
		{F68B5D83-1F4D-44FB-A777-E730122266A9}.Debug|Any CPU.ActiveCfg = Debug|Any CPU
		{F68B5D83-1F4D-44FB-A777-E730122266A9}.Debug|x64.ActiveCfg = Debug|Any CPU
		{F68B5D83-1F4D-44FB-A777-E730122266A9}.Debug|x86.ActiveCfg = Debug|Any CPU
		{F68B5D83-1F4D-44FB-A777-E730122266A9}.Release|Any CPU.ActiveCfg = Release|Any CPU
		{F68B5D83-1F4D-44FB-A777-E730122266A9}.Release|x64.ActiveCfg = Release|Any CPU
		{F68B5D83-1F4D-44FB-A777-E730122266A9}.Release|x86.ActiveCfg = Release|Any CPU
		{9A237D3E-070C-4D33-A444-0B1CDA33FE67}.Debug|Any CPU.ActiveCfg = Debug|Win32
		{9A237D3E-070C-4D33-A444-0B1CDA33FE67}.Debug|x64.ActiveCfg = Debug|Win32
		{9A237D3E-070C-4D33-A444-0B1CDA33FE67}.Debug|x86.ActiveCfg = Debug|Win32
		{9A237D3E-070C-4D33-A444-0B1CDA33FE67}.Debug|x86.Build.0 = Debug|Win32
		{9A237D3E-070C-4D33-A444-0B1CDA33FE67}.Release|Any CPU.ActiveCfg = Release|Win32
		{9A237D3E-070C-4D33-A444-0B1CDA33FE67}.Release|x64.ActiveCfg = Release|Win32
		{9A237D3E-070C-4D33-A444-0B1CDA33FE67}.Release|x86.ActiveCfg = Release|Win32
		{9A237D3E-070C-4D33-A444-0B1CDA33FE67}.Release|x86.Build.0 = Release|Win32
		{B0CED645-05F7-4BEF-BE19-56E2428E5B31}.Debug|Any CPU.ActiveCfg = Debug|Win32
		{B0CED645-05F7-4BEF-BE19-56E2428E5B31}.Debug|x64.ActiveCfg = Debug|Win32
		{B0CED645-05F7-4BEF-BE19-56E2428E5B31}.Debug|x86.ActiveCfg = Debug|Win32
		{B0CED645-05F7-4BEF-BE19-56E2428E5B31}.Debug|x86.Build.0 = Debug|Win32
		{B0CED645-05F7-4BEF-BE19-56E2428E5B31}.Release|Any CPU.ActiveCfg = Release|Win32
		{B0CED645-05F7-4BEF-BE19-56E2428E5B31}.Release|x64.ActiveCfg = Release|Win32
		{B0CED645-05F7-4BEF-BE19-56E2428E5B31}.Release|x86.ActiveCfg = Release|Win32
		{B0CED645-05F7-4BEF-BE19-56E2428E5B31}.Release|x86.Build.0 = Release|Win32
		{BCF13F6F-F4CD-4814-919C-A18FB52E7C57}.Debug|Any CPU.ActiveCfg = Debug|Win32
		{BCF13F6F-F4CD-4814-919C-A18FB52E7C57}.Debug|x64.ActiveCfg = Debug|Win32
		{BCF13F6F-F4CD-4814-919C-A18FB52E7C57}.Debug|x86.ActiveCfg = Debug|Win32
		{BCF13F6F-F4CD-4814-919C-A18FB52E7C57}.Debug|x86.Build.0 = Debug|Win32
		{BCF13F6F-F4CD-4814-919C-A18FB52E7C57}.Release|Any CPU.ActiveCfg = Release|Win32
		{BCF13F6F-F4CD-4814-919C-A18FB52E7C57}.Release|x64.ActiveCfg = Release|Win32
		{BCF13F6F-F4CD-4814-919C-A18FB52E7C57}.Release|x86.ActiveCfg = Release|Win32
		{BCF13F6F-F4CD-4814-919C-A18FB52E7C57}.Release|x86.Build.0 = Release|Win32
		{7CD0AE21-3820-41E4-90FC-4E1A52D0C031}.Debug|Any CPU.ActiveCfg = Debug|Win32
		{7CD0AE21-3820-41E4-90FC-4E1A52D0C031}.Debug|x64.ActiveCfg = Debug|Win32
		{7CD0AE21-3820-41E4-90FC-4E1A52D0C031}.Debug|x86.ActiveCfg = Debug|Win32
		{7CD0AE21-3820-41E4-90FC-4E1A52D0C031}.Debug|x86.Build.0 = Debug|Win32
		{7CD0AE21-3820-41E4-90FC-4E1A52D0C031}.Release|Any CPU.ActiveCfg = Release|Win32
		{7CD0AE21-3820-41E4-90FC-4E1A52D0C031}.Release|x64.ActiveCfg = Release|Win32
		{7CD0AE21-3820-41E4-90FC-4E1A52D0C031}.Release|x86.ActiveCfg = Release|Win32
		{7CD0AE21-3820-41E4-90FC-4E1A52D0C031}.Release|x86.Build.0 = Release|Win32
		{1FA8D223-0A81-4C64-AB42-E7099ED04B0A}.Debug|Any CPU.ActiveCfg = Debug|Win32
		{1FA8D223-0A81-4C64-AB42-E7099ED04B0A}.Debug|x64.ActiveCfg = Debug|Win32
		{1FA8D223-0A81-4C64-AB42-E7099ED04B0A}.Debug|x86.ActiveCfg = Debug|Win32
		{1FA8D223-0A81-4C64-AB42-E7099ED04B0A}.Debug|x86.Build.0 = Debug|Win32
		{1FA8D223-0A81-4C64-AB42-E7099ED04B0A}.Release|Any CPU.ActiveCfg = Release|Win32
		{1FA8D223-0A81-4C64-AB42-E7099ED04B0A}.Release|x64.ActiveCfg = Release|Win32
		{1FA8D223-0A81-4C64-AB42-E7099ED04B0A}.Release|x86.ActiveCfg = Release|Win32
		{1FA8D223-0A81-4C64-AB42-E7099ED04B0A}.Release|x86.Build.0 = Release|Win32
		{3F8B2017-8E31-43FB-BC4C-A95680CA7683}.Debug|Any CPU.ActiveCfg = Debug|Win32
		{3F8B2017-8E31-43FB-BC4C-A95680CA7683}.Debug|x64.ActiveCfg = Debug|Win32
		{3F8B2017-8E31-43FB-BC4C-A95680CA7683}.Debug|x86.ActiveCfg = Debug|Win32
		{3F8B2017-8E31-43FB-BC4C-A95680CA7683}.Debug|x86.Build.0 = Debug|Win32
		{3F8B2017-8E31-43FB-BC4C-A95680CA7683}.Release|Any CPU.ActiveCfg = Release|Win32
		{3F8B2017-8E31-43FB-BC4C-A95680CA7683}.Release|x64.ActiveCfg = Release|Win32
		{3F8B2017-8E31-43FB-BC4C-A95680CA7683}.Release|x86.ActiveCfg = Release|Win32
		{3F8B2017-8E31-43FB-BC4C-A95680CA7683}.Release|x86.Build.0 = Release|Win32
		{3E3DAF3B-9BCE-4BA7-AAC5-B5BE3B96B653}.Debug|Any CPU.ActiveCfg = Debug|Win32
		{3E3DAF3B-9BCE-4BA7-AAC5-B5BE3B96B653}.Debug|x64.ActiveCfg = Debug|Win32
		{3E3DAF3B-9BCE-4BA7-AAC5-B5BE3B96B653}.Debug|x86.ActiveCfg = Debug|Win32
		{3E3DAF3B-9BCE-4BA7-AAC5-B5BE3B96B653}.Debug|x86.Build.0 = Debug|Win32
		{3E3DAF3B-9BCE-4BA7-AAC5-B5BE3B96B653}.Release|Any CPU.ActiveCfg = Release|Win32
		{3E3DAF3B-9BCE-4BA7-AAC5-B5BE3B96B653}.Release|x64.ActiveCfg = Release|Win32
		{3E3DAF3B-9BCE-4BA7-AAC5-B5BE3B96B653}.Release|x86.ActiveCfg = Release|Win32
		{3E3DAF3B-9BCE-4BA7-AAC5-B5BE3B96B653}.Release|x86.Build.0 = Release|Win32
		{C9BC5C57-E50B-4D50-8C9E-A679C4D22EF5}.Debug|Any CPU.ActiveCfg = Debug|Win32
		{C9BC5C57-E50B-4D50-8C9E-A679C4D22EF5}.Debug|x64.ActiveCfg = Debug|Win32
		{C9BC5C57-E50B-4D50-8C9E-A679C4D22EF5}.Debug|x86.ActiveCfg = Debug|Win32
		{C9BC5C57-E50B-4D50-8C9E-A679C4D22EF5}.Debug|x86.Build.0 = Debug|Win32
		{C9BC5C57-E50B-4D50-8C9E-A679C4D22EF5}.Release|Any CPU.ActiveCfg = Release|Win32
		{C9BC5C57-E50B-4D50-8C9E-A679C4D22EF5}.Release|x64.ActiveCfg = Release|Win32
		{C9BC5C57-E50B-4D50-8C9E-A679C4D22EF5}.Release|x86.ActiveCfg = Release|Win32
		{C9BC5C57-E50B-4D50-8C9E-A679C4D22EF5}.Release|x86.Build.0 = Release|Win32
		{DA5BEF9F-4909-4F69-AAB7-C8DDB0C23E6A}.Debug|Any CPU.ActiveCfg = Debug|Win32
		{DA5BEF9F-4909-4F69-AAB7-C8DDB0C23E6A}.Debug|x64.ActiveCfg = Debug|Win32
		{DA5BEF9F-4909-4F69-AAB7-C8DDB0C23E6A}.Debug|x86.ActiveCfg = Debug|Win32
		{DA5BEF9F-4909-4F69-AAB7-C8DDB0C23E6A}.Debug|x86.Build.0 = Debug|Win32
		{DA5BEF9F-4909-4F69-AAB7-C8DDB0C23E6A}.Release|Any CPU.ActiveCfg = Release|Win32
		{DA5BEF9F-4909-4F69-AAB7-C8DDB0C23E6A}.Release|x64.ActiveCfg = Release|Win32
		{DA5BEF9F-4909-4F69-AAB7-C8DDB0C23E6A}.Release|x86.ActiveCfg = Release|Win32
		{DA5BEF9F-4909-4F69-AAB7-C8DDB0C23E6A}.Release|x86.Build.0 = Release|Win32
		{C5F80730-F44F-4478-BDAE-6634EFC2CA88}.Debug|Any CPU.ActiveCfg = Debug|Win32
		{C5F80730-F44F-4478-BDAE-6634EFC2CA88}.Debug|x64.ActiveCfg = Debug|Win32
		{C5F80730-F44F-4478-BDAE-6634EFC2CA88}.Debug|x86.ActiveCfg = Debug|Win32
		{C5F80730-F44F-4478-BDAE-6634EFC2CA88}.Debug|x86.Build.0 = Debug|Win32
		{C5F80730-F44F-4478-BDAE-6634EFC2CA88}.Release|Any CPU.ActiveCfg = Release|Win32
		{C5F80730-F44F-4478-BDAE-6634EFC2CA88}.Release|x64.ActiveCfg = Release|Win32
		{C5F80730-F44F-4478-BDAE-6634EFC2CA88}.Release|x86.ActiveCfg = Release|Win32
		{C5F80730-F44F-4478-BDAE-6634EFC2CA88}.Release|x86.Build.0 = Release|Win32
		{8DE7800C-8E97-4255-83B6-1E1013D39ECF}.Debug|Any CPU.ActiveCfg = Debug|Win32
		{8DE7800C-8E97-4255-83B6-1E1013D39ECF}.Debug|x64.ActiveCfg = Debug|Win32
		{8DE7800C-8E97-4255-83B6-1E1013D39ECF}.Debug|x86.ActiveCfg = Debug|Win32
		{8DE7800C-8E97-4255-83B6-1E1013D39ECF}.Debug|x86.Build.0 = Debug|Win32
		{8DE7800C-8E97-4255-83B6-1E1013D39ECF}.Release|Any CPU.ActiveCfg = Release|Win32
		{8DE7800C-8E97-4255-83B6-1E1013D39ECF}.Release|x64.ActiveCfg = Release|Win32
		{8DE7800C-8E97-4255-83B6-1E1013D39ECF}.Release|x86.ActiveCfg = Release|Win32
		{8DE7800C-8E97-4255-83B6-1E1013D39ECF}.Release|x86.Build.0 = Release|Win32
		{0E4AD353-CC10-41B1-9E28-EBD12BA3700A}.Debug|Any CPU.ActiveCfg = Debug|Win32
		{0E4AD353-CC10-41B1-9E28-EBD12BA3700A}.Debug|x64.ActiveCfg = Debug|Win32
		{0E4AD353-CC10-41B1-9E28-EBD12BA3700A}.Debug|x86.ActiveCfg = Debug|Win32
		{0E4AD353-CC10-41B1-9E28-EBD12BA3700A}.Debug|x86.Build.0 = Debug|Win32
		{0E4AD353-CC10-41B1-9E28-EBD12BA3700A}.Release|Any CPU.ActiveCfg = Release|Win32
		{0E4AD353-CC10-41B1-9E28-EBD12BA3700A}.Release|x64.ActiveCfg = Release|Win32
		{0E4AD353-CC10-41B1-9E28-EBD12BA3700A}.Release|x86.ActiveCfg = Release|Win32
		{0E4AD353-CC10-41B1-9E28-EBD12BA3700A}.Release|x86.Build.0 = Release|Win32
		{E66B72DA-3EA5-4B29-86C8-78440DC203D2}.Debug|Any CPU.ActiveCfg = Debug|Win32
		{E66B72DA-3EA5-4B29-86C8-78440DC203D2}.Debug|x64.ActiveCfg = Debug|Win32
		{E66B72DA-3EA5-4B29-86C8-78440DC203D2}.Debug|x86.ActiveCfg = Debug|Win32
		{E66B72DA-3EA5-4B29-86C8-78440DC203D2}.Debug|x86.Build.0 = Debug|Win32
		{E66B72DA-3EA5-4B29-86C8-78440DC203D2}.Release|Any CPU.ActiveCfg = Release|Win32
		{E66B72DA-3EA5-4B29-86C8-78440DC203D2}.Release|x64.ActiveCfg = Release|Win32
		{E66B72DA-3EA5-4B29-86C8-78440DC203D2}.Release|x86.ActiveCfg = Release|Win32
		{E66B72DA-3EA5-4B29-86C8-78440DC203D2}.Release|x86.Build.0 = Release|Win32
		{24E058C9-AA4B-4623-91CC-CC6EC9451CC4}.Debug|Any CPU.ActiveCfg = Debug|Win32
		{24E058C9-AA4B-4623-91CC-CC6EC9451CC4}.Debug|x64.ActiveCfg = Debug|Win32
		{24E058C9-AA4B-4623-91CC-CC6EC9451CC4}.Debug|x86.ActiveCfg = Debug|Win32
		{24E058C9-AA4B-4623-91CC-CC6EC9451CC4}.Debug|x86.Build.0 = Debug|Win32
		{24E058C9-AA4B-4623-91CC-CC6EC9451CC4}.Release|Any CPU.ActiveCfg = Release|Win32
		{24E058C9-AA4B-4623-91CC-CC6EC9451CC4}.Release|x64.ActiveCfg = Release|Win32
		{24E058C9-AA4B-4623-91CC-CC6EC9451CC4}.Release|x86.ActiveCfg = Release|Win32
		{24E058C9-AA4B-4623-91CC-CC6EC9451CC4}.Release|x86.Build.0 = Release|Win32
		{3682802F-ABFF-4EA3-81BE-61E9D385F257}.Debug|Any CPU.ActiveCfg = Debug|Win32
		{3682802F-ABFF-4EA3-81BE-61E9D385F257}.Debug|x64.ActiveCfg = Debug|Win32
		{3682802F-ABFF-4EA3-81BE-61E9D385F257}.Debug|x86.ActiveCfg = Debug|Win32
		{3682802F-ABFF-4EA3-81BE-61E9D385F257}.Debug|x86.Build.0 = Debug|Win32
		{3682802F-ABFF-4EA3-81BE-61E9D385F257}.Release|Any CPU.ActiveCfg = Release|Win32
		{3682802F-ABFF-4EA3-81BE-61E9D385F257}.Release|x64.ActiveCfg = Release|Win32
		{3682802F-ABFF-4EA3-81BE-61E9D385F257}.Release|x86.ActiveCfg = Release|Win32
		{3682802F-ABFF-4EA3-81BE-61E9D385F257}.Release|x86.Build.0 = Release|Win32
		{D35EF34B-7B08-4D80-B7F5-1DDBAD9D7C92}.Debug|Any CPU.ActiveCfg = Debug|Win32
		{D35EF34B-7B08-4D80-B7F5-1DDBAD9D7C92}.Debug|x64.ActiveCfg = Debug|Win32
		{D35EF34B-7B08-4D80-B7F5-1DDBAD9D7C92}.Debug|x86.ActiveCfg = Debug|Win32
		{D35EF34B-7B08-4D80-B7F5-1DDBAD9D7C92}.Debug|x86.Build.0 = Debug|Win32
		{D35EF34B-7B08-4D80-B7F5-1DDBAD9D7C92}.Release|Any CPU.ActiveCfg = Release|Win32
		{D35EF34B-7B08-4D80-B7F5-1DDBAD9D7C92}.Release|x64.ActiveCfg = Release|Win32
		{D35EF34B-7B08-4D80-B7F5-1DDBAD9D7C92}.Release|x86.ActiveCfg = Release|Win32
		{D35EF34B-7B08-4D80-B7F5-1DDBAD9D7C92}.Release|x86.Build.0 = Release|Win32
		{92415306-7DF9-4D7D-9354-AE816887E67E}.Debug|Any CPU.ActiveCfg = Debug|Win32
		{92415306-7DF9-4D7D-9354-AE816887E67E}.Debug|x64.ActiveCfg = Debug|Win32
		{92415306-7DF9-4D7D-9354-AE816887E67E}.Debug|x86.ActiveCfg = Debug|Win32
		{92415306-7DF9-4D7D-9354-AE816887E67E}.Debug|x86.Build.0 = Debug|Win32
		{92415306-7DF9-4D7D-9354-AE816887E67E}.Release|Any CPU.ActiveCfg = Release|Win32
		{92415306-7DF9-4D7D-9354-AE816887E67E}.Release|x64.ActiveCfg = Release|Win32
		{92415306-7DF9-4D7D-9354-AE816887E67E}.Release|x86.ActiveCfg = Release|Win32
		{92415306-7DF9-4D7D-9354-AE816887E67E}.Release|x86.Build.0 = Release|Win32
		{74794599-4C1C-41DE-ADFC-2DD1604F4369}.Debug|Any CPU.ActiveCfg = Debug|Win32
		{74794599-4C1C-41DE-ADFC-2DD1604F4369}.Debug|x64.ActiveCfg = Debug|Win32
		{74794599-4C1C-41DE-ADFC-2DD1604F4369}.Debug|x86.ActiveCfg = Debug|Win32
		{74794599-4C1C-41DE-ADFC-2DD1604F4369}.Debug|x86.Build.0 = Debug|Win32
		{74794599-4C1C-41DE-ADFC-2DD1604F4369}.Release|Any CPU.ActiveCfg = Release|Win32
		{74794599-4C1C-41DE-ADFC-2DD1604F4369}.Release|x64.ActiveCfg = Release|Win32
		{74794599-4C1C-41DE-ADFC-2DD1604F4369}.Release|x86.ActiveCfg = Release|Win32
		{74794599-4C1C-41DE-ADFC-2DD1604F4369}.Release|x86.Build.0 = Release|Win32
	EndGlobalSection
	GlobalSection(SolutionProperties) = preSolution
		HideSolutionNode = FALSE
	EndGlobalSection
	GlobalSection(NestedProjects) = preSolution
		{6D4787D1-DF84-488E-9DCE-5608BC9B2777} = {D73944EA-C027-4B9A-B26C-CF8857527539}
		{655F68FF-1C08-4FD7-953A-415DD29271D5} = {D73944EA-C027-4B9A-B26C-CF8857527539}
		{33A793D8-0A11-470D-9498-8523521D1EAC} = {D73944EA-C027-4B9A-B26C-CF8857527539}
		{9A237D3E-070C-4D33-A444-0B1CDA33FE67} = {D73944EA-C027-4B9A-B26C-CF8857527539}
		{B0CED645-05F7-4BEF-BE19-56E2428E5B31} = {D73944EA-C027-4B9A-B26C-CF8857527539}
		{BCF13F6F-F4CD-4814-919C-A18FB52E7C57} = {D73944EA-C027-4B9A-B26C-CF8857527539}
		{7CD0AE21-3820-41E4-90FC-4E1A52D0C031} = {D73944EA-C027-4B9A-B26C-CF8857527539}
		{A57A3D44-D0D0-4D27-AAC1-BA3F7124ECC6} = {B731DFF7-A7B2-4F18-831B-D04250650B2F}
		{CDDCD64E-35B1-4C6B-B6FE-187D977DCCC4} = {B731DFF7-A7B2-4F18-831B-D04250650B2F}
		{3F8B2017-8E31-43FB-BC4C-A95680CA7683} = {D73944EA-C027-4B9A-B26C-CF8857527539}
		{3E3DAF3B-9BCE-4BA7-AAC5-B5BE3B96B653} = {D73944EA-C027-4B9A-B26C-CF8857527539}
		{C9BC5C57-E50B-4D50-8C9E-A679C4D22EF5} = {D73944EA-C027-4B9A-B26C-CF8857527539}
		{DA5BEF9F-4909-4F69-AAB7-C8DDB0C23E6A} = {D73944EA-C027-4B9A-B26C-CF8857527539}
		{924B5AC3-01EB-4EA4-81C9-85522F727691} = {B731DFF7-A7B2-4F18-831B-D04250650B2F}
		{B00BCBBB-E6E5-4EAC-B2B9-4BC69C9221D6} = {B731DFF7-A7B2-4F18-831B-D04250650B2F}
		{E104D7C3-053B-4A4C-8B07-16BE5B1B6007} = {B731DFF7-A7B2-4F18-831B-D04250650B2F}
		{5D22F0AF-F54B-447B-916A-EBCFFD39159E} = {B731DFF7-A7B2-4F18-831B-D04250650B2F}
		{FBB1F15B-BFA4-4FA4-AD19-32754FF5F57E} = {B731DFF7-A7B2-4F18-831B-D04250650B2F}
		{AA3D9F04-F65A-44B8-88AD-BE73AB59570F} = {B731DFF7-A7B2-4F18-831B-D04250650B2F}
		{4A33670D-D01C-43DA-9D00-C0DD330DE92E} = {B731DFF7-A7B2-4F18-831B-D04250650B2F}
		{413B1256-CF59-4848-9488-94E77F70C4CB} = {B731DFF7-A7B2-4F18-831B-D04250650B2F}
		{5C152C9F-9ADE-46A4-81BB-65A5DC54AC67} = {B731DFF7-A7B2-4F18-831B-D04250650B2F}
		{CC779671-7CF0-4073-9DEC-F8C11CA19800} = {B731DFF7-A7B2-4F18-831B-D04250650B2F}
		{7429BA55-5A04-434E-A36C-9832292B40EA} = {B731DFF7-A7B2-4F18-831B-D04250650B2F}
		{10D895AA-B828-4BD4-B929-83CFEA359CC3} = {B731DFF7-A7B2-4F18-831B-D04250650B2F}
		{0B06F79B-FECF-4D65-A493-1DD47D2957E2} = {B731DFF7-A7B2-4F18-831B-D04250650B2F}
	EndGlobalSection
	GlobalSection(ExtensibilityGlobals) = postSolution
		SolutionGuid = {D50621B3-45DA-4D63-A156-3461EB4C4703}
	EndGlobalSection
EndGlobal
